# THIS IS AN AUTOGENERATED FILE. DO NOT EDIT THIS FILE DIRECTLY.
# yarn lockfile v1


jsmin@^1.0.1:
  version "1.0.1"
  resolved "https://registry.yarnpkg.com/jsmin/-/jsmin-1.0.1.tgz#e7bd0dcd6496c3bf4863235bf461a3d98aa3b98c"
  integrity sha512-OPuL5X/bFKgVdMvEIX3hnpx3jbVpFCrEM8pKPXjFkZUqg521r41ijdyTz7vACOhW6o1neVlcLyd+wkbK5fNHRg==

typescript@^5.1.6:
  version "5.1.6"
  resolved "https://registry.yarnpkg.com/typescript/-/typescript-5.1.6.tgz#02f8ac202b6dad2c0dd5e0913745b47a37998274"
  integrity sha512-zaWCozRZ6DLEWAWFrVDz1H6FVXzUSfTy5FUMWsQlU8Ym5JP9eO4xkTIROFCQvhQf61z6O/G6ugw3SgAnvvm+HA==
